
Microsoft Visual Studio Solution File, Format Version 11.00
# Visual Studio 2010
Project("{FAE04EC0-301F-11D3-BF4B-00C04F79EFBC}") = "Assembly-CSharp", "Assembly-CSharp.csproj", "{1a17cba4-9979-c4f3-008b-50e212ce2077}"
EndProject
Project("{FAE04EC0-301F-11D3-BF4B-00C04F79EFBC}") = "Assembly-CSharp-Editor", "Assembly-CSharp-Editor.csproj", "{7837da9f-71a2-0a8b-da07-a2e8319f108e}"
EndProject
Global
	GlobalSection(SolutionConfigurationPlatforms) = preSolution
		Debug|Any CPU = Debug|Any CPU
	EndGlobalSection
	GlobalSection(ProjectConfigurationPlatforms) = postSolution
		{1a17cba4-9979-c4f3-008b-50e212ce2077}.Debug|Any CPU.ActiveCfg = Debug|Any CPU
		{1a17cba4-9979-c4f3-008b-50e212ce2077}.Debug|Any CPU.Build.0 = Debug|Any CPU
		{7837da9f-71a2-0a8b-da07-a2e8319f108e}.Debug|Any CPU.ActiveCfg = Debug|Any CPU
		{7837da9f-71a2-0a8b-da07-a2e8319f108e}.Debug|Any CPU.Build.0 = Debug|Any CPU
	EndGlobalSection
	GlobalSection(SolutionProperties) = preSolution
		HideSolutionNode = FALSE
	EndGlobalSection
EndGlobal
